
Microsoft Visual Studio Solution File, Format Version 12.00
# Visual Studio Version 17
VisualStudioVersion = 17.6.33815.320
MinimumVisualStudioVersion = 10.0.40219.1
Project("{FAE04EC0-301F-11D3-BF4B-00C04F79EFBC}") = "Backend_ServiceDesk", "Backend_ServiceDesk.csproj", "{5FFFC982-CD2C-4714-A737-2BFC1FF53399}"
EndProject
Global
	GlobalSection(SolutionConfigurationPlatforms) = preSolution
		Debug|Any CPU = Debug|Any CPU
		Release|Any CPU = Release|Any CPU
	EndGlobalSection
	GlobalSection(ProjectConfigurationPlatforms) = postSolution
		{5FFFC982-CD2C-4714-A737-2BFC1FF53399}.Debug|Any CPU.ActiveCfg = Debug|Any CPU
		{5FFFC982-CD2C-4714-A737-2BFC1FF53399}.Debug|Any CPU.Build.0 = Debug|Any CPU
		{5FFFC982-CD2C-4714-A737-2BFC1FF53399}.Release|Any CPU.ActiveCfg = Release|Any CPU
		{5FFFC982-CD2C-4714-A737-2BFC1FF53399}.Release|Any CPU.Build.0 = Release|Any CPU
	EndGlobalSection
	GlobalSection(SolutionProperties) = preSolution
		HideSolutionNode = FALSE
	EndGlobalSection
	GlobalSection(ExtensibilityGlobals) = postSolution
		SolutionGuid = {310D0467-065C-4269-A77A-74AEDBFE7444}
	EndGlobalSection
EndGlobal
